
Microsoft Visual Studio Solution File, Format Version 12.00
# Visual Studio Version 17
VisualStudioVersion = 17.2.32616.157
MinimumVisualStudioVersion = 10.0.40219.1
Project("{FAE04EC0-301F-11D3-BF4B-00C04F79EFBC}") = "ProyectoFinal-23AM", "ProyectoFinal-23AM.csproj", "{F4BE1564-3935-4015-B003-0D64C5A33D54}"
EndProject
Global
	GlobalSection(SolutionConfigurationPlatforms) = preSolution
		Debug|Any CPU = Debug|Any CPU
		Release|Any CPU = Release|Any CPU
	EndGlobalSection
	GlobalSection(ProjectConfigurationPlatforms) = postSolution
		{F4BE1564-3935-4015-B003-0D64C5A33D54}.Debug|Any CPU.ActiveCfg = Debug|Any CPU
		{F4BE1564-3935-4015-B003-0D64C5A33D54}.Debug|Any CPU.Build.0 = Debug|Any CPU
		{F4BE1564-3935-4015-B003-0D64C5A33D54}.Release|Any CPU.ActiveCfg = Release|Any CPU
		{F4BE1564-3935-4015-B003-0D64C5A33D54}.Release|Any CPU.Build.0 = Release|Any CPU
	EndGlobalSection
	GlobalSection(SolutionProperties) = preSolution
		HideSolutionNode = FALSE
	EndGlobalSection
	GlobalSection(ExtensibilityGlobals) = postSolution
		SolutionGuid = {6ABB1F2C-AF1F-4F16-9950-D2442F36A82D}
	EndGlobalSection
EndGlobal
